{
  "projects": [
    {
      "projectId": "seaQhLVS4bbjiGvJJrRwyL",
      "version": "15.0.3",
      "dependencies": {},
      "lang": "ts",
      "fileLocks": [
        {
          "assetId": "seaQhLVS4bbjiGvJJrRwyL",
          "type": "projectCss",
          "checksum": "174eea901e0665102c7080f882556fac"
        }
      ],
      "codegenVersion": "0.0.1"
    },
    {
      "projectId": "jfAbgkDv1HePNtHddFWkJP",
      "version": "latest",
      "dependencies": {
        "seaQhLVS4bbjiGvJJrRwyL": "15.0.3"
      },
      "lang": "ts",
      "fileLocks": [
        {
          "type": "globalVariant",
          "assetId": "P_uqj8uI0btK",
          "checksum": "b598c5cc5b63fbd1953cf0e91de9d927"
        },
        {
          "assetId": "jfAbgkDv1HePNtHddFWkJP",
          "type": "projectCss",
          "checksum": "97acd573c55c2f42ad033495f684631d"
        },
        {
          "type": "renderModule",
          "assetId": "Qlzmo9erFVeD",
          "checksum": "2fface711ce806c58ca003767211d7f2"
        },
        {
          "type": "cssRules",
          "assetId": "Qlzmo9erFVeD",
          "checksum": "2fface711ce806c58ca003767211d7f2"
        },
        {
          "type": "renderModule",
          "assetId": "tBMB-7Abqtl1",
          "checksum": "b35747cb6798e86b2bafc9e60a9641c7"
        },
        {
          "type": "cssRules",
          "assetId": "tBMB-7Abqtl1",
          "checksum": "b35747cb6798e86b2bafc9e60a9641c7"
        },
        {
          "type": "renderModule",
          "assetId": "gMNm3lMQs-CR",
          "checksum": "5c4c5a766debfaa4f9d196fe5b067a7f"
        },
        {
          "type": "cssRules",
          "assetId": "gMNm3lMQs-CR",
          "checksum": "5c4c5a766debfaa4f9d196fe5b067a7f"
        },
        {
          "type": "renderModule",
          "assetId": "SHI04kFwDPz-",
          "checksum": "e7b51cea5ee0783ee9d73e42e13a2c6b"
        },
        {
          "type": "cssRules",
          "assetId": "SHI04kFwDPz-",
          "checksum": "e7b51cea5ee0783ee9d73e42e13a2c6b"
        },
        {
          "type": "renderModule",
          "assetId": "cGhJdSrg4JXj",
          "checksum": "72bd2c818c10bbccc2b7956966d08e40"
        },
        {
          "type": "cssRules",
          "assetId": "cGhJdSrg4JXj",
          "checksum": "72bd2c818c10bbccc2b7956966d08e40"
        },
        {
          "type": "renderModule",
          "assetId": "DdsTgVPoAK0E",
          "checksum": "829a67621b0200da5dff5dac800b164b"
        },
        {
          "type": "cssRules",
          "assetId": "DdsTgVPoAK0E",
          "checksum": "829a67621b0200da5dff5dac800b164b"
        },
        {
          "type": "renderModule",
          "assetId": "rsHH1DbJPDok",
          "checksum": "da9a30414c232d819964153f3a696e20"
        },
        {
          "type": "cssRules",
          "assetId": "rsHH1DbJPDok",
          "checksum": "da9a30414c232d819964153f3a696e20"
        },
        {
          "type": "renderModule",
          "assetId": "Yb-x0SsHkGBT",
          "checksum": "0725c9da24565093e1ea66dad61d71bd"
        },
        {
          "type": "cssRules",
          "assetId": "Yb-x0SsHkGBT",
          "checksum": "0725c9da24565093e1ea66dad61d71bd"
        },
        {
          "type": "renderModule",
          "assetId": "UYtrkaIQV8HE",
          "checksum": "c5804b855c7321e27b9db574c5ba49ad"
        },
        {
          "type": "cssRules",
          "assetId": "UYtrkaIQV8HE",
          "checksum": "c5804b855c7321e27b9db574c5ba49ad"
        },
        {
          "type": "renderModule",
          "assetId": "xKv2TvXs8dsY",
          "checksum": "2a294a34f2bf9c0d8958c8b390d4e4f2"
        },
        {
          "type": "cssRules",
          "assetId": "xKv2TvXs8dsY",
          "checksum": "2a294a34f2bf9c0d8958c8b390d4e4f2"
        },
        {
          "type": "renderModule",
          "assetId": "H3JOA49TrXuv",
          "checksum": "e6ab8a2ddffd6dcf078f9e29d09c0753"
        },
        {
          "type": "cssRules",
          "assetId": "H3JOA49TrXuv",
          "checksum": "e6ab8a2ddffd6dcf078f9e29d09c0753"
        },
        {
          "type": "renderModule",
          "assetId": "mKTVlsxCmnkJ",
          "checksum": "f7190850b6d6a6220fdeb1650f429deb"
        },
        {
          "type": "cssRules",
          "assetId": "mKTVlsxCmnkJ",
          "checksum": "f7190850b6d6a6220fdeb1650f429deb"
        },
        {
          "type": "renderModule",
          "assetId": "tMCOo7yBVdll",
          "checksum": "80c0b256467e2cee0cc7a34053ed4d89"
        },
        {
          "type": "cssRules",
          "assetId": "tMCOo7yBVdll",
          "checksum": "80c0b256467e2cee0cc7a34053ed4d89"
        },
        {
          "type": "renderModule",
          "assetId": "rvhMDwLhpKof",
          "checksum": "97b1def21f0098ed8e155290757fbbcd"
        },
        {
          "type": "cssRules",
          "assetId": "rvhMDwLhpKof",
          "checksum": "97b1def21f0098ed8e155290757fbbcd"
        },
        {
          "type": "renderModule",
          "assetId": "ntr7QRlQeW3g",
          "checksum": "dc806558331c3f1b97e751394ba560fc"
        },
        {
          "type": "cssRules",
          "assetId": "ntr7QRlQeW3g",
          "checksum": "dc806558331c3f1b97e751394ba560fc"
        },
        {
          "type": "renderModule",
          "assetId": "qjtVIIUNdKpZ",
          "checksum": "cebad585022068031770c566302fa8c2"
        },
        {
          "type": "cssRules",
          "assetId": "qjtVIIUNdKpZ",
          "checksum": "cebad585022068031770c566302fa8c2"
        },
        {
          "type": "renderModule",
          "assetId": "6_iGZM3DCKSD",
          "checksum": "018f351bd93efac6170a22bd0031c6ec"
        },
        {
          "type": "cssRules",
          "assetId": "6_iGZM3DCKSD",
          "checksum": "018f351bd93efac6170a22bd0031c6ec"
        },
        {
          "type": "icon",
          "assetId": "Qjm-sV_oVqcL",
          "checksum": "ddb0be98062048fa3a7e988991a55b90"
        },
        {
          "type": "icon",
          "assetId": "JXl_--GDh2pf",
          "checksum": "4e1b1c05e99391bd453d6d22576801aa"
        },
        {
          "type": "icon",
          "assetId": "7WXTFeXn2HyH",
          "checksum": "59363b6014c965e520cbe39622a51cf9"
        },
        {
          "type": "icon",
          "assetId": "8qIOPHDOunqG",
          "checksum": "5b19cf49bf09d656a0e7b3b173e3ced7"
        },
        {
          "type": "icon",
          "assetId": "e0dzdpDfGPPE",
          "checksum": "d3b83bad5fb6b3becb027f1d62b0bd82"
        },
        {
          "type": "icon",
          "assetId": "9J_0MHVyao32",
          "checksum": "d16f1f15f434954b2e9174fd3d733bf1"
        },
        {
          "type": "icon",
          "assetId": "r-txFyE5v245",
          "checksum": "852949fcb27277a5457f6225941ce265"
        },
        {
          "type": "icon",
          "assetId": "-qse57pJ9-vI",
          "checksum": "5489506e2324a6e483b0aab6145067df"
        },
        {
          "type": "icon",
          "assetId": "hoc4WePsfn0B",
          "checksum": "70f8094483adc4cc3f3a934ddfe5d6c4"
        },
        {
          "type": "icon",
          "assetId": "WaKFoLoeOxNo",
          "checksum": "c3cea5a9f4c45b540d227f38ef0996ac"
        },
        {
          "type": "icon",
          "assetId": "uuHJwuaJAIT5",
          "checksum": "93154189b7c9a4cd9876eea1b25f0032"
        },
        {
          "type": "icon",
          "assetId": "dKGanGbwfvK7",
          "checksum": "d2c4802bb104ba1a0ce4f3429482828d"
        },
        {
          "type": "icon",
          "assetId": "uX_Z8xGXlTDd",
          "checksum": "2084f5db8f19dc5fc57fe1d81b9b5e78"
        },
        {
          "type": "icon",
          "assetId": "kp-91dheumy_",
          "checksum": "4c248d81a23fb9d8b3b2048e11c26b6b"
        },
        {
          "type": "icon",
          "assetId": "0lGt4oH5OmkQ",
          "checksum": "8b37cdd55f82690e58f341c04f8fb591"
        },
        {
          "type": "icon",
          "assetId": "SJhWgdOUhhCO",
          "checksum": "452ead8c8acdef7d400cac4f86650af0"
        },
        {
          "type": "icon",
          "assetId": "sHi1_RaqKdMy",
          "checksum": "ae1480964fc277d2fab47d60d09dbb9f"
        },
        {
          "type": "icon",
          "assetId": "rLCbGkmJt5bs",
          "checksum": "fe37226e60e76d5b7aeb30993e2c9b51"
        },
        {
          "type": "icon",
          "assetId": "zBYzfvieldSl",
          "checksum": "34c10732ff5ee60e3c8d05aeca534e37"
        },
        {
          "type": "icon",
          "assetId": "FU1tug2Zg_4i",
          "checksum": "9139f3528d78bd3558c435ec9ff20f0b"
        },
        {
          "type": "icon",
          "assetId": "auiPLXu8dfCT",
          "checksum": "03a76f2955f00be1eb21df7a7cd678bc"
        },
        {
          "type": "icon",
          "assetId": "NK5IIeqJwc8_",
          "checksum": "b8dd011caa9825932245d9b5a9288dd0"
        },
        {
          "type": "image",
          "assetId": "9WSGn3M_8Afu",
          "checksum": "bc3e1daff666905815ee145ae366a300"
        },
        {
          "type": "image",
          "assetId": "-mAxp1pAtC_z",
          "checksum": "8056f8ec4151ef43ade8f6724dfb3fef"
        },
        {
          "type": "image",
          "assetId": "yWyEspStDmKX",
          "checksum": "27452df0dbf93a7049d6779c75926360"
        },
        {
          "type": "image",
          "assetId": "k5V-SXXoXB-n",
          "checksum": "20ba4cef89121dce72a8bfffd2f694c0"
        }
      ],
      "codegenVersion": "0.0.1"
    }
  ],
  "cliVersion": "0.1.334"
}
